version = 1
revision = 3
requires-python = "==3.12.*"

[[package]]
name = "annotated-types"
version = "0.7.0"
source = { registry = "https://pypi.org/simple" }
sdist = { url = "https://files.pythonhosted.org/packages/ee/67/531ea369ba64dcff5ec9c3402f9f51bf748cec26dde048a2f973a4eea7f5/annotated_types-0.7.0.tar.gz", hash = "sha256:aff07c09a53a08bc8cfccb9c85b05f1aa9a2a6f23728d790723543408344ce89", size = 16081, upload-time = "2024-05-20T21:33:25.928Z" }
wheels = [
    { url = "https://files.pythonhosted.org/packages/78/b6/6307fbef88d9b5ee7421e68d78a9f162e0da4900bc5f5793f6d3d0e34fb8/annotated_types-0.7.0-py3-none-any.whl", hash = "sha256:1f02e8b43a8fbbc3f3e0d4f0f4bfc8131bcb4eebe8849b8e5c773f3a1c582a53", size = 13643, upload-time = "2024-05-20T21:33:24.1Z" },
]

[[package]]
name = "certifi"
version = "2026.6.17"
source = { registry = "https://pypi.org/simple" }
sdist = { url = "https://files.pythonhosted.org/packages/c9/c7/424b75da314c1045981bd9777432fad05a9e0c69daa4ed7e308bbaffe405/certifi-2026.6.17.tar.gz", hash = "sha256:024c88eeec92ca068db80f02b8b07c9cef7b9fe261d1d535abfd5abd6f6af432", size = 134594, upload-time = "2026-06-17T10:31:07.894Z" }
wheels = [
    { url = "https://files.pythonhosted.org/packages/ef/2f/c5464532e965badff2f4c4c1a3a83f5697f0d7c407ed0cda44aaa99bb451/certifi-2026.6.17-py3-none-any.whl", hash = "sha256:2227dcbaafe0d2f59279d1762ddddc37783ed4354594f194ffc31d20f41fc3db", size = 133289, upload-time = "2026-06-17T10:31:06.348Z" },
]

[[package]]
name = "charset-normalizer"
version = "3.4.9"
source = { registry = "https://pypi.org/simple" }
sdist = { url = "https://files.pythonhosted.org/packages/bd/2a/23f34ec9d04624958e137efdc394888716353190e75f25dd22c7a2c7a8aa/charset_normalizer-3.4.9.tar.gz", hash = "sha256:673611bbd43f0810bec0b0f028ddeaaa501190339cac411f347ac76917c3ae7b", size = 152439, upload-time = "2026-07-07T14:34:58.454Z" }
wheels = [
    { url = "https://files.pythonhosted.org/packages/70/4a/ecbd131485c07fcdfad54e28946d513e3da22ef3b4bd854dcafae54ec739/charset_normalizer-3.4.9-cp312-cp312-macosx_10_13_universal2.whl", hash = "sha256:45b0cc4e3556cd875e09102988d1ab8356c998b596c9fced84547c8138b487a0", size = 319300, upload-time = "2026-07-07T14:33:15.666Z" },
    { url = "https://files.pythonhosted.org/packages/ec/96/5d9364e3342d69f3a045e1777bc47c85c383e6e9466d561b33fdb419d1f9/charset_normalizer-3.4.9-cp312-cp312-manylinux2014_aarch64.manylinux_2_17_aarch64.manylinux_2_28_aarch64.whl", hash = "sha256:9b2aff1c7b3884512b9512c3eaadd9bab39fb45042ffaaa1dd08ff2b9f8109d9", size = 215802, upload-time = "2026-07-07T14:33:17.031Z" },
    { url = "https://files.pythonhosted.org/packages/4b/4c/5361f9aa7f2cb58d94f2ab831b3d493f69efb1d239654b4744e3c09527cb/charset_normalizer-3.4.9-cp312-cp312-manylinux2014_ppc64le.manylinux_2_17_ppc64le.manylinux_2_28_ppc64le.whl", hash = "sha256:9104ed0bd76a429d46f9ec0dbc9b08ad1d2dcdf2b00a5a0daa1c145329b35b44", size = 237171, upload-time = "2026-07-07T14:33:18.576Z" },
    { url = "https://files.pythonhosted.org/packages/50/78/ce342ca4ff30b2eb49fe6d9578df85974f90c67d294113e94efdd9664cbd/charset_normalizer-3.4.9-cp312-cp312-manylinux2014_s390x.manylinux_2_17_s390x.manylinux_2_28_s390x.whl", hash = "sha256:7b86a2b16095d250c6f58b3d9b2eee6f4147754344f3dab0922f7c9bf7d226c9", size = 233075, upload-time = "2026-07-07T14:33:20.084Z" },
    { url = "https://files.pythonhosted.org/packages/01/c4/4fa4c8b3097a11f3c5f09a35b72ed6855fb1d332469504962ab7bafcc702/charset_normalizer-3.4.9-cp312-cp312-manylinux2014_x86_64.manylinux_2_17_x86_64.manylinux_2_28_x86_64.whl", hash = "sha256:5e226f6218febc71f6c1fc2fafb91c226f75bdc1d8fb12d66823716e891608fd", size = 224256, upload-time = "2026-07-07T14:33:21.747Z" },
    { url = "https://files.pythonhosted.org/packages/87/3a/ad914516df7e358a81aae018caa5e0470ba827fa6d763b1d2e87d920a5f6/charset_normalizer-3.4.9-cp312-cp312-manylinux_2_31_armv7l.whl", hash = "sha256:90c44bc373b7687f6948b693cceaea1348ae0975d7474746559494468e3c1d84", size = 208784, upload-time = "2026-07-07T14:33:23.313Z" },
    { url = "https://files.pythonhosted.org/packages/d7/74/3c12f9755717dfe5c5c87da63f35d765fa0c00382ec26bf23f7fae34f2ba/charset_normalizer-3.4.9-cp312-cp312-manylinux_2_31_riscv64.manylinux_2_39_riscv64.whl", hash = "sha256:9cdef90ae47919cae358d8ab15797a800ed41da7aba5d72419fb510729e2ed4b", size = 219928, upload-time = "2026-07-07T14:33:24.814Z" },
    { url = "https://files.pythonhosted.org/packages/33/9a/895095b83e7907abd6d3d99aad3a38ad0d9686cc186cb0c94c24320fe63e/charset_normalizer-3.4.9-cp312-cp312-musllinux_1_2_aarch64.whl", hash = "sha256:60f44ade2cf573dad7a277e6f8ca9a51a21dda572b13bd7d8539bb3cd5dbedde", size = 218489, upload-time = "2026-07-07T14:33:26.42Z" },
    { url = "https://files.pythonhosted.org/packages/a1/34/ef5c05f412f42520d7709b7d3784d19640839eb7366ded1755511585429f/charset_normalizer-3.4.9-cp312-cp312-musllinux_1_2_armv7l.whl", hash = "sha256:a1786910334ed46ab1dd73222f2cd1e05c2c3bb39f6dddb4f8b36fc382058a39", size = 210267, upload-time = "2026-07-07T14:33:27.952Z" },
    { url = "https://files.pythonhosted.org/packages/83/dc/9b29fa4412b318bf3bfea985c35d67eb55e04b59a7c3f2237168b0e0be6f/charset_normalizer-3.4.9-cp312-cp312-musllinux_1_2_x86_64.whl", hash = "sha256:03d07803992c6c7bbc976327f34b18b6160327fc81cb82c9d504720ac0be3b62", size = 226030, upload-time = "2026-07-07T14:33:29.397Z" },
    { url = "https://files.pythonhosted.org/packages/0e/42/6dbc00b8cd16011691203e33570fa42ed5746599a2e878112d16eab403a3/charset_normalizer-3.4.9-cp312-cp312-win32.whl", hash = "sha256:78841cccf1af7b40f6f716338d50c0902dbe88d9f800b3c973b7a9a0a693a642", size = 151185, upload-time = "2026-07-07T14:33:30.781Z" },
    { url = "https://files.pythonhosted.org/packages/80/cc/f920afd1a23c58ccd53c1d36085a71893a4737ff5e66e0371efab6809850/charset_normalizer-3.4.9-cp312-cp312-win_amd64.whl", hash = "sha256:4b3dac63058cc36820b0dd072f89898604e2d39686fe05321729d00d8ac185a0", size = 162557, upload-time = "2026-07-07T14:33:32.176Z" },
    { url = "https://files.pythonhosted.org/packages/f0/e6/0386d43a261ff4e4b30c5857af7df877254b46bec7b9d1b74b6bf969a90b/charset_normalizer-3.4.9-cp312-cp312-win_arm64.whl", hash = "sha256:78fa18e436a1a0e58dbd7e02fc4473f3f32cceb12df9dfca542d075961c307d2", size = 152665, upload-time = "2026-07-07T14:33:33.711Z" },
    { url = "https://files.pythonhosted.org/packages/98/2b/f97f1c193fb855c345d678f5077d6926034db0722df74c8f057020e05a25/charset_normalizer-3.4.9-py3-none-any.whl", hash = "sha256:68e5f26a1ad57ded6d1cfb85331d1c1a195314756471d97758c48498bb4dcdf5", size = 64538, upload-time = "2026-07-07T14:34:56.993Z" },
]

[[package]]
name = "idna"
version = "3.18"
source = { registry = "https://pypi.org/simple" }
sdist = { url = "https://files.pythonhosted.org/packages/cd/63/9496c57188a2ee585e0f1db071d75089a11e98aa86eb99d9d7618fc1edce/idna-3.18.tar.gz", hash = "sha256:ffb385a7e039654cef1ab9ef32c6fafe283c0c0467bba1d9029738ce4a14a848", size = 196711, upload-time = "2026-06-02T14:34:07.794Z" }
wheels = [
    { url = "https://files.pythonhosted.org/packages/1e/5e/d4e9f1a599fb8e573b7b87160658329fbf28d19eac2718f51fc3def3aa5a/idna-3.18-py3-none-any.whl", hash = "sha256:7f952cbe720b688055e3f87de14f5c3e5fdaa8bc3928985c4077ca689de849a2", size = 65455, upload-time = "2026-06-02T14:34:06.319Z" },
]

[[package]]
name = "instagrapi"
version = "2.1.2"
source = { registry = "https://pypi.org/simple" }
dependencies = [
    { name = "pycryptodomex" },
    { name = "pydantic" },
    { name = "pysocks" },
    { name = "requests" },
]
sdist = { url = "https://files.pythonhosted.org/packages/37/ea/e47e11bc54a564e57c335acaa7375362e98055001c20721723da3a2035a4/instagrapi-2.1.2.tar.gz", hash = "sha256:08779764e4f6a39f83cdb422d67f8bb724dcd10410349e815884536383d4c0c8", size = 102191, upload-time = "2024-05-19T12:10:45.247Z" }

[[package]]
name = "pillow"
version = "10.0.0"
source = { registry = "https://pypi.org/simple" }
sdist = { url = "https://files.pythonhosted.org/packages/0f/8b/2ebaf9adcf4260c00f842154865f8730cf745906aa5dd499141fb6063e26/Pillow-10.0.0.tar.gz", hash = "sha256:9c82b5b3e043c7af0d95792d0d20ccf68f61a1fec6b3530e718b688422727396", size = 50527522, upload-time = "2023-07-01T14:59:45.775Z" }
wheels = [
    { url = "https://files.pythonhosted.org/packages/9c/e8/59271ada18cec229d4a79475a45a9e64367e54e5d1f488b030af63805960/Pillow-10.0.0-cp312-cp312-macosx_10_10_x86_64.whl", hash = "sha256:d80cf684b541685fccdd84c485b31ce73fc5c9b5d7523bf1394ce134a60c6883", size = 3398485, upload-time = "2023-07-01T14:57:20.946Z" },
    { url = "https://files.pythonhosted.org/packages/f0/7f/ff6ce4360dccfacc3af3462cfcd2d7481a1cc8d6aa712927072016dd6755/Pillow-10.0.0-cp312-cp312-macosx_11_0_arm64.whl", hash = "sha256:76de421f9c326da8f43d690110f0e79fe3ad1e54be811545d7d91898b4c8493e", size = 3111012, upload-time = "2023-07-01T14:57:24.146Z" },
    { url = "https://files.pythonhosted.org/packages/2e/a4/06f84d3fe7aa9558d2b80d8d4960fe07071a53e8d3ccac8b079905003048/Pillow-10.0.0-cp312-cp312-manylinux_2_17_aarch64.manylinux2014_aarch64.whl", hash = "sha256:81ff539a12457809666fef6624684c008e00ff6bf455b4b89fd00a140eecd640", size = 3117406, upload-time = "2023-07-01T14:57:27.165Z" },
    { url = "https://files.pythonhosted.org/packages/a8/7b/f8ed885d18096930991bbaac729024435e0343a3c81062811cf865205a79/Pillow-10.0.0-cp312-cp312-manylinux_2_17_x86_64.manylinux2014_x86_64.whl", hash = "sha256:ce543ed15570eedbb85df19b0a1a7314a9c8141a36ce089c0a894adbfccb4568", size = 3315095, upload-time = "2023-07-01T14:57:30.738Z" },
    { url = "https://files.pythonhosted.org/packages/54/2e/04bae205c5bf3ff7e58735b73a1d3943d0e33e0f7ca8637aa30a2acd06d0/Pillow-10.0.0-cp312-cp312-manylinux_2_28_aarch64.whl", hash = "sha256:685ac03cc4ed5ebc15ad5c23bc555d68a87777586d970c2c3e216619a5476223", size = 3169235, upload-time = "2023-07-01T14:57:34.295Z" },
    { url = "https://files.pythonhosted.org/packages/5f/82/39a266a0626d2c0dd4ee341639fe7749268fc871429b90006eeb1583f24b/Pillow-10.0.0-cp312-cp312-manylinux_2_28_x86_64.whl", hash = "sha256:d72e2ecc68a942e8cf9739619b7f408cc7b272b279b56b2c83c6123fcfa5cdff", size = 3421158, upload-time = "2023-07-01T14:57:37.802Z" },
    { url = "https://files.pythonhosted.org/packages/4d/61/eba2506ce68706ccb7d485cee968e35fa9ee797d77520760acf41a65f281/Pillow-10.0.0-cp312-cp312-musllinux_1_1_aarch64.whl", hash = "sha256:d50b6aec14bc737742ca96e85d6d0a5f9bfbded018264b3b70ff9d8c33485551", size = 3355694, upload-time = "2023-07-01T14:57:41.092Z" },
    { url = "https://files.pythonhosted.org/packages/0f/0b/0f37aac8432fb91e9f7eec96a29afb354f172e593d2d6d8201e544f49b55/Pillow-10.0.0-cp312-cp312-musllinux_1_1_x86_64.whl", hash = "sha256:00e65f5e822decd501e374b0650146063fbb30a7264b4d2744bdd7b913e0cab5", size = 3421380, upload-time = "2023-07-01T14:57:44.593Z" },
    { url = "https://files.pythonhosted.org/packages/e7/af/06fa67e8c8c4ead837f6a4025b6605f4cb8ec0fcbff1e4c697712fabf9f9/Pillow-10.0.0-cp312-cp312-win_amd64.whl", hash = "sha256:f31f9fdbfecb042d046f9d91270a0ba28368a723302786c0009ee9b9f1f60199", size = 2513485, upload-time = "2023-07-01T14:57:47.838Z" },
    { url = "https://files.pythonhosted.org/packages/83/c0/aaa4f7f9f0ed854d8b519739392ed17ee1aaaa352fd037646e97634a6bdb/Pillow-10.0.0-cp312-cp312-win_arm64.whl", hash = "sha256:1ce91b6ec08d866b14413d3f0bbdea7e24dfdc8e59f562bb77bc3fe60b6144ca", size = 2502324, upload-time = "2023-07-08T21:48:50.371Z" },
]

[[package]]
name = "pycryptodomex"
version = "3.20.0"
source = { registry = "https://pypi.org/simple" }
sdist = { url = "https://files.pythonhosted.org/packages/31/a4/b03a16637574312c1b54c55aedeed8a4cb7d101d44058d46a0e5706c63e1/pycryptodomex-3.20.0.tar.gz", hash = "sha256:7a710b79baddd65b806402e14766c721aee8fb83381769c27920f26476276c1e", size = 4794613, upload-time = "2024-01-10T11:32:34.067Z" }
wheels = [
    { url = "https://files.pythonhosted.org/packages/7a/09/668b587ddaf2aa0f94ea45bca73e7c564816fd9329a05e8f7f870425981d/pycryptodomex-3.20.0-cp35-abi3-macosx_10_9_universal2.whl", hash = "sha256:59af01efb011b0e8b686ba7758d59cf4a8263f9ad35911bfe3f416cee4f5c08c", size = 2430400, upload-time = "2024-01-10T11:31:44.072Z" },
    { url = "https://files.pythonhosted.org/packages/4c/c4/9b1e8fca01c4b5a0e1c6f52ba19478b2692af4694afe8c89ebbe24348604/pycryptodomex-3.20.0-cp35-abi3-macosx_10_9_x86_64.whl", hash = "sha256:82ee7696ed8eb9a82c7037f32ba9b7c59e51dda6f105b39f043b6ef293989cb3", size = 1593362, upload-time = "2024-01-10T11:31:47.048Z" },
    { url = "https://files.pythonhosted.org/packages/4e/b9/91af61ec562b87c0932122666603a37cd17f991bc05faf9123b598d1e518/pycryptodomex-3.20.0-cp35-abi3-manylinux_2_17_aarch64.manylinux2014_aarch64.whl", hash = "sha256:91852d4480a4537d169c29a9d104dda44094c78f1f5b67bca76c29a91042b623", size = 2065201, upload-time = "2024-01-10T11:31:49.86Z" },
    { url = "https://files.pythonhosted.org/packages/20/7a/3162173af8597f0399b45c6aaa4939ccae908476fdf1b3a3cc30631fc9fb/pycryptodomex-3.20.0-cp35-abi3-manylinux_2_17_x86_64.manylinux2014_x86_64.whl", hash = "sha256:bca649483d5ed251d06daf25957f802e44e6bb6df2e8f218ae71968ff8f8edc4", size = 2139169, upload-time = "2024-01-10T11:31:53.189Z" },
    { url = "https://files.pythonhosted.org/packages/1b/43/e67f7767a76db1067008127a04617165579e6a65b5c3acb230c7383ca514/pycryptodomex-3.20.0-cp35-abi3-manylinux_2_5_i686.manylinux1_i686.manylinux_2_17_i686.manylinux2014_i686.whl", hash = "sha256:6e186342cfcc3aafaad565cbd496060e5a614b441cacc3995ef0091115c1f6c5", size = 2167742, upload-time = "2024-01-10T11:31:56.322Z" },
    { url = "https://files.pythonhosted.org/packages/bb/29/fb592db3f98b1ed330561518ff4706e869045b0cf27632a4310444731aa1/pycryptodomex-3.20.0-cp35-abi3-musllinux_1_1_aarch64.whl", hash = "sha256:25cd61e846aaab76d5791d006497134602a9e451e954833018161befc3b5b9ed", size = 2057793, upload-time = "2024-01-10T11:31:58.39Z" },
    { url = "https://files.pythonhosted.org/packages/8d/ca/7f296284fad77182ad2b2c198a7ece14b04cc9e6e905b1082c015f2254d3/pycryptodomex-3.20.0-cp35-abi3-musllinux_1_1_i686.whl", hash = "sha256:9c682436c359b5ada67e882fec34689726a09c461efd75b6ea77b2403d5665b7", size = 2196243, upload-time = "2024-01-10T11:32:01.309Z" },
    { url = "https://files.pythonhosted.org/packages/48/7d/0f2b09490b98cc6a902ac15dda8760c568b9c18cfe70e0ef7a16de64d53a/pycryptodomex-3.20.0-cp35-abi3-musllinux_1_1_x86_64.whl", hash = "sha256:7a7a8f33a1f1fb762ede6cc9cbab8f2a9ba13b196bfaf7bc6f0b39d2ba315a43", size = 2158708, upload-time = "2024-01-10T11:32:03.55Z" },
    { url = "https://files.pythonhosted.org/packages/b0/1c/375adb14b71ee1c8d8232904e928b3e7af5bbbca7c04e4bec94fe8e90c3d/pycryptodomex-3.20.0-cp35-abi3-win32.whl", hash = "sha256:c39778fd0548d78917b61f03c1fa8bfda6cfcf98c767decf360945fe6f97461e", size = 1726798, upload-time = "2024-01-10T11:32:05.521Z" },
    { url = "https://files.pythonhosted.org/packages/b2/e8/1b92184ab7e5595bf38000587e6f8cf9556ebd1bf0a583619bee2057afbd/pycryptodomex-3.20.0-cp35-abi3-win_amd64.whl", hash = "sha256:2a47bcc478741b71273b917232f521fd5704ab4b25d301669879e7273d3586cc", size = 1762906, upload-time = "2024-01-10T11:32:07.563Z" },
]

[[package]]
name = "pydantic"
version = "2.7.1"
source = { registry = "https://pypi.org/simple" }
dependencies = [
    { name = "annotated-types" },
    { name = "pydantic-core" },
    { name = "typing-extensions" },
]
sdist = { url = "https://files.pythonhosted.org/packages/1f/74/0d009e056c2bd309cdc053b932d819fcb5ad3301fc3e690c097e1de3e714/pydantic-2.7.1.tar.gz", hash = "sha256:e9dbb5eada8abe4d9ae5f46b9939aead650cd2b68f249bb3a8139dbe125803cc", size = 713923, upload-time = "2024-04-23T13:38:19.654Z" }
wheels = [
    { url = "https://files.pythonhosted.org/packages/ed/76/9a17032880ed27f2dbd490c77a3431cbc80f47ba81534131de3c2846e736/pydantic-2.7.1-py3-none-any.whl", hash = "sha256:e029badca45266732a9a79898a15ae2e8b14840b1eabbb25844be28f0b33f3d5", size = 409311, upload-time = "2024-04-23T13:38:16.616Z" },
]

[[package]]
name = "pydantic-core"
version = "2.18.2"
source = { registry = "https://pypi.org/simple" }
dependencies = [
    { name = "typing-extensions" },
]
sdist = { url = "https://files.pythonhosted.org/packages/e9/23/a609c50e53959eb96393e42ae4891901f699aaad682998371348650a6651/pydantic_core-2.18.2.tar.gz", hash = "sha256:2e29d20810dfc3043ee13ac7d9e25105799817683348823f305ab3f349b9386e", size = 383446, upload-time = "2024-04-22T19:06:42.097Z" }
wheels = [
    { url = "https://files.pythonhosted.org/packages/15/b1/e6edfe46402a5b415fc3de86aa64fb10009b323907f8d513175bfb839aa9/pydantic_core-2.18.2-cp312-cp312-macosx_10_12_x86_64.whl", hash = "sha256:fb2bd7be70c0fe4dfd32c951bc813d9fe6ebcbfdd15a07527796c8204bd36242", size = 1857389, upload-time = "2024-04-22T19:04:43.261Z" },
    { url = "https://files.pythonhosted.org/packages/30/49/397da3f6910d62f092684a50bcaba2566825c6eee27a743846583a01fadf/pydantic_core-2.18.2-cp312-cp312-macosx_11_0_arm64.whl", hash = "sha256:6132dd3bd52838acddca05a72aafb6eab6536aa145e923bb50f45e78b7251043", size = 1770630, upload-time = "2024-04-22T19:04:45.627Z" },
    { url = "https://files.pythonhosted.org/packages/6d/e0/1d65ae0cab571cf072b23a44bb3a4f0b4d45572e2157bce9f073e703e30b/pydantic_core-2.18.2-cp312-cp312-manylinux_2_17_aarch64.manylinux2014_aarch64.whl", hash = "sha256:d7d904828195733c183d20a54230c0df0eb46ec746ea1a666730787353e87182", size = 1816322, upload-time = "2024-04-22T19:04:47.357Z" },
    { url = "https://files.pythonhosted.org/packages/c6/79/a9bde518a69b983adab265a1a3fbe26392b50854b1cf3f8ad030b28972c4/pydantic_core-2.18.2-cp312-cp312-manylinux_2_17_armv7l.manylinux2014_armv7l.whl", hash = "sha256:c9bd70772c720142be1020eac55f8143a34ec9f82d75a8e7a07852023e46617f", size = 1797646, upload-time = "2024-04-22T19:04:49.159Z" },
    { url = "https://files.pythonhosted.org/packages/5d/c0/28331aab3be69f407a95b629be253b57c3df492ea1dd1c53dce9796d10c1/pydantic_core-2.18.2-cp312-cp312-manylinux_2_17_ppc64le.manylinux2014_ppc64le.whl", hash = "sha256:2b8ed04b3582771764538f7ee7001b02e1170223cf9b75dff0bc698fadb00cf3", size = 2020413, upload-time = "2024-04-22T19:04:50.895Z" },
    { url = "https://files.pythonhosted.org/packages/11/4e/e06605ce50035dd9bf107dda3d514e4b1ba82a5551ef57a15e73e47d9053/pydantic_core-2.18.2-cp312-cp312-manylinux_2_17_s390x.manylinux2014_s390x.whl", hash = "sha256:e6dac87ddb34aaec85f873d737e9d06a3555a1cc1a8e0c44b7f8d5daeb89d86f", size = 2884072, upload-time = "2024-04-22T19:04:52.884Z" },
    { url = "https://files.pythonhosted.org/packages/a1/c9/7d61469af6386e5846b5864bb93dc770979968c113863f923916c1a8bca2/pydantic_core-2.18.2-cp312-cp312-manylinux_2_17_x86_64.manylinux2014_x86_64.whl", hash = "sha256:7ca4ae5a27ad7a4ee5170aebce1574b375de390bc01284f87b18d43a3984df72", size = 2082895, upload-time = "2024-04-22T19:04:55.551Z" },
    { url = "https://files.pythonhosted.org/packages/af/b2/dff1a30e6c7eae5e12ed90fc790733cda91d5d9d8da86db59c41359049d5/pydantic_core-2.18.2-cp312-cp312-manylinux_2_5_i686.manylinux1_i686.whl", hash = "sha256:886eec03591b7cf058467a70a87733b35f44707bd86cf64a615584fd72488b7c", size = 1931326, upload-time = "2024-04-22T19:04:57.188Z" },
    { url = "https://files.pythonhosted.org/packages/0e/b9/28dc15be5a828708612cc429354609b456719f70180af9c66d7617bbac60/pydantic_core-2.18.2-cp312-cp312-musllinux_1_1_aarch64.whl", hash = "sha256:ca7b0c1f1c983e064caa85f3792dd2fe3526b3505378874afa84baf662e12241", size = 1993024, upload-time = "2024-04-22T19:04:59.689Z" },
    { url = "https://files.pythonhosted.org/packages/d4/8f/51b3cb36a4d2f1ed5d72f3ea329bab203db234fff056414b76950f353984/pydantic_core-2.18.2-cp312-cp312-musllinux_1_1_x86_64.whl", hash = "sha256:4b4356d3538c3649337df4074e81b85f0616b79731fe22dd11b99499b2ebbdf3", size = 2129503, upload-time = "2024-04-22T19:05:02.792Z" },
    { url = "https://files.pythonhosted.org/packages/7e/47/2e8b7d24fa69e82e3b6cd74776c36f88f0fadf63e1c777fc4385db2bc63a/pydantic_core-2.18.2-cp312-none-win32.whl", hash = "sha256:8b172601454f2d7701121bbec3425dd71efcb787a027edf49724c9cefc14c038", size = 1748771, upload-time = "2024-04-22T19:05:05.556Z" },
    { url = "https://files.pythonhosted.org/packages/e4/49/f29028068b5cb364ad066a58490dd26fd1d4ba2943d829eb0f85dbc8ab06/pydantic_core-2.18.2-cp312-none-win_amd64.whl", hash = "sha256:b1bd7e47b1558ea872bd16c8502c414f9e90dcf12f1395129d7bb42a09a95438", size = 1916735, upload-time = "2024-04-22T19:05:07.685Z" },
    { url = "https://files.pythonhosted.org/packages/ac/32/d288f59ef7af445bac9a9281936f1d65999568d654b24a837d14ae01cefa/pydantic_core-2.18.2-cp312-none-win_arm64.whl", hash = "sha256:98758d627ff397e752bc339272c14c98199c613f922d4a384ddc07526c86a2ec", size = 1814428, upload-time = "2024-04-22T19:05:09.785Z" },
]

[[package]]
name = "pysocks"
version = "1.7.1"
source = { registry = "https://pypi.org/simple" }
sdist = { url = "https://files.pythonhosted.org/packages/bd/11/293dd436aea955d45fc4e8a35b6ae7270f5b8e00b53cf6c024c83b657a11/PySocks-1.7.1.tar.gz", hash = "sha256:3f8804571ebe159c380ac6de37643bb4685970655d3bba243530d6558b799aa0", size = 284429, upload-time = "2019-09-20T02:07:35.714Z" }
wheels = [
    { url = "https://files.pythonhosted.org/packages/8d/59/b4572118e098ac8e46e399a1dd0f2d85403ce8bbaad9ec79373ed6badaf9/PySocks-1.7.1-py3-none-any.whl", hash = "sha256:2725bd0a9925919b9b51739eea5f9e2bae91e83288108a9ad338b2e3a4435ee5", size = 16725, upload-time = "2019-09-20T02:06:22.938Z" },
]

[[package]]
name = "python-dotenv"
version = "1.2.2"
source = { registry = "https://pypi.org/simple" }
sdist = { url = "https://files.pythonhosted.org/packages/82/ed/0301aeeac3e5353ef3d94b6ec08bbcabd04a72018415dcb29e588514bba8/python_dotenv-1.2.2.tar.gz", hash = "sha256:2c371a91fbd7ba082c2c1dc1f8bf89ca22564a087c2c287cd9b662adde799cf3", size = 50135, upload-time = "2026-03-01T16:00:26.196Z" }
wheels = [
    { url = "https://files.pythonhosted.org/packages/0b/d7/1959b9648791274998a9c3526f6d0ec8fd2233e4d4acce81bbae76b44b2a/python_dotenv-1.2.2-py3-none-any.whl", hash = "sha256:1d8214789a24de455a8b8bd8ae6fe3c6b69a5e3d64aa8a8e5d68e694bbcb285a", size = 22101, upload-time = "2026-03-01T16:00:25.09Z" },
]

[[package]]
name = "requests"
version = "2.34.2"
source = { registry = "https://pypi.org/simple" }
dependencies = [
    { name = "certifi" },
    { name = "charset-normalizer" },
    { name = "idna" },
    { name = "urllib3" },
]
sdist = { url = "https://files.pythonhosted.org/packages/ac/c3/e2a2b89f2d3e2179abd6d00ebd70bff6273f37fb3e0cc209f48b39d00cbf/requests-2.34.2.tar.gz", hash = "sha256:f288924cae4e29463698d6d60bc6a4da69c89185ad1e0bcc4104f584e960b9ed", size = 142856, upload-time = "2026-05-14T19:25:27.735Z" }
wheels = [
    { url = "https://files.pythonhosted.org/packages/a0/f4/c67b0b3f1b9245e8d266f0f112c500d50e5b4e83cb6f3b71b6528104182a/requests-2.34.2-py3-none-any.whl", hash = "sha256:2a0d60c172f83ac6ab31e4554906c0f3b3588d37b5cb939b1c061f4907e278e0", size = 73075, upload-time = "2026-05-14T19:25:26.443Z" },
]

[[package]]
name = "typing-extensions"
version = "4.16.0"
source = { registry = "https://pypi.org/simple" }
sdist = { url = "https://files.pythonhosted.org/packages/f6/cc/6253133b5bb138fc3306cebfbda2c520f545d36b5be2c7255cc528bb45d6/typing_extensions-4.16.0.tar.gz", hash = "sha256:dc983d19a509c94dba722ee6abd33940f7c05a89e243c47e907eb4db6f1a43e5", size = 113555, upload-time = "2026-07-02T08:40:05.92Z" }
wheels = [
    { url = "https://files.pythonhosted.org/packages/49/d3/b8441a820a491ddfc024b0b0cf0393375b75ea13866d9c66727e54c2fc80/typing_extensions-4.16.0-py3-none-any.whl", hash = "sha256:481caa481374e813c1b176ada14e97f1f67a4539ce9cfeb3f350d78d6370c2e8", size = 45571, upload-time = "2026-07-02T08:40:04.659Z" },
]

[[package]]
name = "urllib3"
version = "2.7.0"
source = { registry = "https://pypi.org/simple" }
sdist = { url = "https://files.pythonhosted.org/packages/53/0c/06f8b233b8fd13b9e5ee11424ef85419ba0d8ba0b3138bf360be2ff56953/urllib3-2.7.0.tar.gz", hash = "sha256:231e0ec3b63ceb14667c67be60f2f2c40a518cb38b03af60abc813da26505f4c", size = 433602, upload-time = "2026-05-07T16:13:18.596Z" }
wheels = [
    { url = "https://files.pythonhosted.org/packages/7f/3e/5db95bcf282c52709639744ca2a8b149baccf648e39c8cc87553df9eae0c/urllib3-2.7.0-py3-none-any.whl", hash = "sha256:9fb4c81ebbb1ce9531cce37674bbc6f1360472bc18ca9a553ede278ef7276897", size = 131087, upload-time = "2026-05-07T16:13:17.151Z" },
]

[[package]]
name = "yalix-publish"
version = "0.1.0"
source = { editable = "." }
dependencies = [
    { name = "instagrapi" },
    { name = "pillow" },
    { name = "pydantic" },
    { name = "python-dotenv" },
    { name = "requests" },
]

[package.metadata]
requires-dist = [
    { name = "instagrapi", specifier = "==2.1.2" },
    { name = "pillow", specifier = "==10.0.0" },
    { name = "pydantic", specifier = "==2.7.1" },
    { name = "python-dotenv", specifier = ">=1.0.1" },
    { name = "requests", specifier = ">=2.31" },
]
